
Microsoft Visual Studio Solution File, Format Version 12.00
# Visual Studio 15
VisualStudioVersion = 15.0.28307.705
MinimumVisualStudioVersion = 10.0.40219.1
Project("{F184B08F-C81C-45F6-A57F-5ABD9991F28F}") = "eBayIntegration", "eBayIntegration\eBayIntegration.vbproj", "{774DC7E5-123B-4586-BCDA-6CC0886F7556}"
EndProject
Global
	GlobalSection(SolutionConfigurationPlatforms) = preSolution
		Debug|Any CPU = Debug|Any CPU
		Release|Any CPU = Release|Any CPU
	EndGlobalSection
	GlobalSection(ProjectConfigurationPlatforms) = postSolution
		{774DC7E5-123B-4586-BCDA-6CC0886F7556}.Debug|Any CPU.ActiveCfg = Debug|Any CPU
		{774DC7E5-123B-4586-BCDA-6CC0886F7556}.Debug|Any CPU.Build.0 = Debug|Any CPU
		{774DC7E5-123B-4586-BCDA-6CC0886F7556}.Release|Any CPU.ActiveCfg = Release|Any CPU
		{774DC7E5-123B-4586-BCDA-6CC0886F7556}.Release|Any CPU.Build.0 = Release|Any CPU
	EndGlobalSection
	GlobalSection(SolutionProperties) = preSolution
		HideSolutionNode = FALSE
	EndGlobalSection
	GlobalSection(ExtensibilityGlobals) = postSolution
		SolutionGuid = {D22BFD4C-6729-486F-A51E-A9B8B63AE81A}
	EndGlobalSection
EndGlobal
